
Microsoft Visual Studio Solution File, Format Version 12.00
# Visual Studio Version 17
VisualStudioVersion = 17.14.36414.22 d17.14
MinimumVisualStudioVersion = 10.0.40219.1
Project("{FAE04EC0-301F-11D3-BF4B-00C04F79EFBC}") = "TooliRent.WebApi", "TooliRent.WebApi\TooliRent.WebApi.csproj", "{524EF041-30A5-465D-9E7A-E2286E8DA1D6}"
EndProject
Global
	GlobalSection(SolutionConfigurationPlatforms) = preSolution
		Debug|Any CPU = Debug|Any CPU
		Release|Any CPU = Release|Any CPU
	EndGlobalSection
	GlobalSection(ProjectConfigurationPlatforms) = postSolution
		{524EF041-30A5-465D-9E7A-E2286E8DA1D6}.Debug|Any CPU.ActiveCfg = Debug|Any CPU
		{524EF041-30A5-465D-9E7A-E2286E8DA1D6}.Debug|Any CPU.Build.0 = Debug|Any CPU
		{524EF041-30A5-465D-9E7A-E2286E8DA1D6}.Release|Any CPU.ActiveCfg = Release|Any CPU
		{524EF041-30A5-465D-9E7A-E2286E8DA1D6}.Release|Any CPU.Build.0 = Release|Any CPU
	EndGlobalSection
	GlobalSection(SolutionProperties) = preSolution
		HideSolutionNode = FALSE
	EndGlobalSection
	GlobalSection(ExtensibilityGlobals) = postSolution
		SolutionGuid = {25D4B56F-0394-415F-A73A-ECDE1692209A}
	EndGlobalSection
EndGlobal
